{
  "name": "aeon-music-app",
  "lockfileVersion": 3,
  "requires": true,
  "packages": {
    "": {
      "dependencies": {
        "extract-colors": "^4.2.1"
      }
    },
    "node_modules/extract-colors": {
      "version": "4.2.1",
      "resolved": "https://registry.npmjs.org/extract-colors/-/extract-colors-4.2.1.tgz",
      "integrity": "sha512-QAWcuwxnL9pisK7YfuG8qab6IF7UD6bbKTjiM+QTJ9Xvfi7fBymQd/xTFaPhkzkB5kyq+wla3AHanM7LInFLaQ=="
    }
  }
}
